
Microsoft Visual Studio Solution File, Format Version 12.00
# Visual Studio Version 16
VisualStudioVersion = 16.0.29102.190
MinimumVisualStudioVersion = 10.0.40219.1
Project("{FAE04EC0-301F-11D3-BF4B-00C04F79EFBC}") = "Due Date", "Due Date\Due Date.csproj", "{CA1DBA3F-BA8A-4A85-A53C-63C1B088330C}"
EndProject
Global
	GlobalSection(SolutionConfigurationPlatforms) = preSolution
		Debug|Any CPU = Debug|Any CPU
		Release|Any CPU = Release|Any CPU
	EndGlobalSection
	GlobalSection(ProjectConfigurationPlatforms) = postSolution
		{CA1DBA3F-BA8A-4A85-A53C-63C1B088330C}.Debug|Any CPU.ActiveCfg = Debug|Any CPU
		{CA1DBA3F-BA8A-4A85-A53C-63C1B088330C}.Debug|Any CPU.Build.0 = Debug|Any CPU
		{CA1DBA3F-BA8A-4A85-A53C-63C1B088330C}.Release|Any CPU.ActiveCfg = Release|Any CPU
		{CA1DBA3F-BA8A-4A85-A53C-63C1B088330C}.Release|Any CPU.Build.0 = Release|Any CPU
	EndGlobalSection
	GlobalSection(SolutionProperties) = preSolution
		HideSolutionNode = FALSE
	EndGlobalSection
	GlobalSection(ExtensibilityGlobals) = postSolution
		SolutionGuid = {C7306A84-6123-403F-9D78-89B9AD426E94}
	EndGlobalSection
EndGlobal
